
Microsoft Visual Studio Solution File, Format Version 12.00
# Visual Studio Version 17
VisualStudioVersion = 17.0.31912.275
MinimumVisualStudioVersion = 15.0.26124.0
Project("{9A19103F-16F7-4668-BE54-9A1E7A4F7556}") = "TinyBlog.Web", "src\TinyBlog.Web\TinyBlog.Web.csproj", "{D94A7687-4A75-4F6A-A84A-9F180E1B822F}"
EndProject
Project("{9A19103F-16F7-4668-BE54-9A1E7A4F7556}") = "TinyBlog.DataServices", "src\TinyBlog.DataServices\TinyBlog.DataServices.csproj", "{5626F252-6C87-4D52-BCF2-F67F0B72AD79}"
EndProject
Project("{2150E333-8FDC-42A3-9474-1A3956D46DE8}") = "Solution Items", "Solution Items", "{52FC10AF-CC53-446B-A241-F1A1FD17266B}"
	ProjectSection(SolutionItems) = preProject
		.dockerignore = .dockerignore
		.gitignore = .gitignore
		dev\mongo\01_setup_db.js = dev\mongo\01_setup_db.js
		dev\mongo\02_upsert_admin.js = dev\mongo\02_upsert_admin.js
		dev\mongo\03_insert_post.js = dev\mongo\03_insert_post.js
		dev\mongo\04_insert_layout.js = dev\mongo\04_insert_layout.js
		appveyor.yml = appveyor.yml
		docker-compose.dev.yml = docker-compose.dev.yml
		docker-compose.yml = docker-compose.yml
		Dockerfile = Dockerfile
		readme.md = readme.md
	EndProjectSection
EndProject
Project("{9A19103F-16F7-4668-BE54-9A1E7A4F7556}") = "TinyBlog.Tests", "tests\TinyBlog.Tests\TinyBlog.Tests.csproj", "{54D8CF6F-0BD6-4964-AEED-A36DB48C4E86}"
EndProject
Project("{2150E333-8FDC-42A3-9474-1A3956D46DE8}") = "Tests", "Tests", "{A641AADE-F267-4AFB-BEB6-9B889DB09A48}"
EndProject
Global
	GlobalSection(SolutionConfigurationPlatforms) = preSolution
		Debug|Any CPU = Debug|Any CPU
		Debug|x64 = Debug|x64
		Debug|x86 = Debug|x86
		Release|Any CPU = Release|Any CPU
		Release|x64 = Release|x64
		Release|x86 = Release|x86
	EndGlobalSection
	GlobalSection(ProjectConfigurationPlatforms) = postSolution
		{D94A7687-4A75-4F6A-A84A-9F180E1B822F}.Debug|Any CPU.ActiveCfg = Debug|Any CPU
		{D94A7687-4A75-4F6A-A84A-9F180E1B822F}.Debug|Any CPU.Build.0 = Debug|Any CPU
		{D94A7687-4A75-4F6A-A84A-9F180E1B822F}.Debug|x64.ActiveCfg = Debug|Any CPU
		{D94A7687-4A75-4F6A-A84A-9F180E1B822F}.Debug|x64.Build.0 = Debug|Any CPU
		{D94A7687-4A75-4F6A-A84A-9F180E1B822F}.Debug|x86.ActiveCfg = Debug|Any CPU
		{D94A7687-4A75-4F6A-A84A-9F180E1B822F}.Debug|x86.Build.0 = Debug|Any CPU
		{D94A7687-4A75-4F6A-A84A-9F180E1B822F}.Release|Any CPU.ActiveCfg = Release|Any CPU
		{D94A7687-4A75-4F6A-A84A-9F180E1B822F}.Release|Any CPU.Build.0 = Release|Any CPU
		{D94A7687-4A75-4F6A-A84A-9F180E1B822F}.Release|x64.ActiveCfg = Release|Any CPU
		{D94A7687-4A75-4F6A-A84A-9F180E1B822F}.Release|x64.Build.0 = Release|Any CPU
		{D94A7687-4A75-4F6A-A84A-9F180E1B822F}.Release|x86.ActiveCfg = Release|Any CPU
		{D94A7687-4A75-4F6A-A84A-9F180E1B822F}.Release|x86.Build.0 = Release|Any CPU
		{5626F252-6C87-4D52-BCF2-F67F0B72AD79}.Debug|Any CPU.ActiveCfg = Debug|Any CPU
		{5626F252-6C87-4D52-BCF2-F67F0B72AD79}.Debug|Any CPU.Build.0 = Debug|Any CPU
		{5626F252-6C87-4D52-BCF2-F67F0B72AD79}.Debug|x64.ActiveCfg = Debug|Any CPU
		{5626F252-6C87-4D52-BCF2-F67F0B72AD79}.Debug|x64.Build.0 = Debug|Any CPU
		{5626F252-6C87-4D52-BCF2-F67F0B72AD79}.Debug|x86.ActiveCfg = Debug|Any CPU
		{5626F252-6C87-4D52-BCF2-F67F0B72AD79}.Debug|x86.Build.0 = Debug|Any CPU
		{5626F252-6C87-4D52-BCF2-F67F0B72AD79}.Release|Any CPU.ActiveCfg = Release|Any CPU
		{5626F252-6C87-4D52-BCF2-F67F0B72AD79}.Release|Any CPU.Build.0 = Release|Any CPU
		{5626F252-6C87-4D52-BCF2-F67F0B72AD79}.Release|x64.ActiveCfg = Release|Any CPU
		{5626F252-6C87-4D52-BCF2-F67F0B72AD79}.Release|x64.Build.0 = Release|Any CPU
		{5626F252-6C87-4D52-BCF2-F67F0B72AD79}.Release|x86.ActiveCfg = Release|Any CPU
		{5626F252-6C87-4D52-BCF2-F67F0B72AD79}.Release|x86.Build.0 = Release|Any CPU
		{54D8CF6F-0BD6-4964-AEED-A36DB48C4E86}.Debug|Any CPU.ActiveCfg = Debug|Any CPU
		{54D8CF6F-0BD6-4964-AEED-A36DB48C4E86}.Debug|Any CPU.Build.0 = Debug|Any CPU
		{54D8CF6F-0BD6-4964-AEED-A36DB48C4E86}.Debug|x64.ActiveCfg = Debug|Any CPU
		{54D8CF6F-0BD6-4964-AEED-A36DB48C4E86}.Debug|x64.Build.0 = Debug|Any CPU
		{54D8CF6F-0BD6-4964-AEED-A36DB48C4E86}.Debug|x86.ActiveCfg = Debug|Any CPU
		{54D8CF6F-0BD6-4964-AEED-A36DB48C4E86}.Debug|x86.Build.0 = Debug|Any CPU
		{54D8CF6F-0BD6-4964-AEED-A36DB48C4E86}.Release|Any CPU.ActiveCfg = Release|Any CPU
		{54D8CF6F-0BD6-4964-AEED-A36DB48C4E86}.Release|Any CPU.Build.0 = Release|Any CPU
		{54D8CF6F-0BD6-4964-AEED-A36DB48C4E86}.Release|x64.ActiveCfg = Release|Any CPU
		{54D8CF6F-0BD6-4964-AEED-A36DB48C4E86}.Release|x64.Build.0 = Release|Any CPU
		{54D8CF6F-0BD6-4964-AEED-A36DB48C4E86}.Release|x86.ActiveCfg = Release|Any CPU
		{54D8CF6F-0BD6-4964-AEED-A36DB48C4E86}.Release|x86.Build.0 = Release|Any CPU
	EndGlobalSection
	GlobalSection(SolutionProperties) = preSolution
		HideSolutionNode = FALSE
	EndGlobalSection
	GlobalSection(NestedProjects) = preSolution
		{54D8CF6F-0BD6-4964-AEED-A36DB48C4E86} = {A641AADE-F267-4AFB-BEB6-9B889DB09A48}
	EndGlobalSection
	GlobalSection(ExtensibilityGlobals) = postSolution
		SolutionGuid = {1043397A-92C2-4F5D-AC09-D42038A5D766}
	EndGlobalSection
EndGlobal
